
Microsoft Visual Studio Solution File, Format Version 12.00
# Visual Studio 15
VisualStudioVersion = 15.0.27428.2011
MinimumVisualStudioVersion = 10.0.40219.1
Project("{FAE04EC0-301F-11D3-BF4B-00C04F79EFBC}") = "QUp", "QUp\QUp.csproj", "{B1A1F860-97C2-40A9-8F65-175655218E5E}"
EndProject
Project("{FAE04EC0-301F-11D3-BF4B-00C04F79EFBC}") = "DbLayer", "DbLayer\DbLayer.csproj", "{33E67A07-9BAE-4941-9AB0-8096514C4C02}"
EndProject
Global
	GlobalSection(SolutionConfigurationPlatforms) = preSolution
		Debug|Any CPU = Debug|Any CPU
		Release|Any CPU = Release|Any CPU
	EndGlobalSection
	GlobalSection(ProjectConfigurationPlatforms) = postSolution
		{B1A1F860-97C2-40A9-8F65-175655218E5E}.Debug|Any CPU.ActiveCfg = Debug|Any CPU
		{B1A1F860-97C2-40A9-8F65-175655218E5E}.Debug|Any CPU.Build.0 = Debug|Any CPU
		{B1A1F860-97C2-40A9-8F65-175655218E5E}.Release|Any CPU.ActiveCfg = Release|Any CPU
		{B1A1F860-97C2-40A9-8F65-175655218E5E}.Release|Any CPU.Build.0 = Release|Any CPU
		{33E67A07-9BAE-4941-9AB0-8096514C4C02}.Debug|Any CPU.ActiveCfg = Debug|Any CPU
		{33E67A07-9BAE-4941-9AB0-8096514C4C02}.Debug|Any CPU.Build.0 = Debug|Any CPU
		{33E67A07-9BAE-4941-9AB0-8096514C4C02}.Release|Any CPU.ActiveCfg = Release|Any CPU
		{33E67A07-9BAE-4941-9AB0-8096514C4C02}.Release|Any CPU.Build.0 = Release|Any CPU
	EndGlobalSection
	GlobalSection(SolutionProperties) = preSolution
		HideSolutionNode = FALSE
	EndGlobalSection
	GlobalSection(ExtensibilityGlobals) = postSolution
		SolutionGuid = {C32DCC07-AB61-4BB5-AAAF-4D5C17580C2A}
	EndGlobalSection
EndGlobal
